
Microsoft Visual Studio Solution File, Format Version 12.00
# Visual Studio Version 17
VisualStudioVersion = 17.7.34202.233
MinimumVisualStudioVersion = 10.0.40219.1
Project("{FAE04EC0-301F-11D3-BF4B-00C04F79EFBC}") = "EmailSender", "EmailSender.csproj", "{51DFC213-EB44-40D9-A024-77503E278331}"
EndProject
Global
	GlobalSection(SolutionConfigurationPlatforms) = preSolution
		Debug|Any CPU = Debug|Any CPU
		Release|Any CPU = Release|Any CPU
	EndGlobalSection
	GlobalSection(ProjectConfigurationPlatforms) = postSolution
		{51DFC213-EB44-40D9-A024-77503E278331}.Debug|Any CPU.ActiveCfg = Debug|Any CPU
		{51DFC213-EB44-40D9-A024-77503E278331}.Debug|Any CPU.Build.0 = Debug|Any CPU
		{51DFC213-EB44-40D9-A024-77503E278331}.Release|Any CPU.ActiveCfg = Release|Any CPU
		{51DFC213-EB44-40D9-A024-77503E278331}.Release|Any CPU.Build.0 = Release|Any CPU
	EndGlobalSection
	GlobalSection(SolutionProperties) = preSolution
		HideSolutionNode = FALSE
	EndGlobalSection
	GlobalSection(ExtensibilityGlobals) = postSolution
		SolutionGuid = {0C239320-8776-4869-9962-C8821F1F45BA}
	EndGlobalSection
EndGlobal
